// !$*UTF8*$!
{
	archiveVersion = 1;
	classes = {
	};
	objectVersion = 46;
	objects = {

/* Begin PBXFileReference section */
		2D9A774613458200004B331A /* .Date.h.swp */ = {isa = PBXFileReference; lastKnownFileType = file; path = .Date.h.swp; sourceTree = "<group>"; };
		2D9A774713458200004B331A /* .Instrument.h.swp */ = {isa = PBXFileReference; lastKnownFileType = file; path = .Instrument.h.swp; sourceTree = "<group>"; };
		2D9A774813458200004B331A /* .YieldCurve.h.swp */ = {isa = PBXFileReference; lastKnownFileType = file; path = .YieldCurve.h.swp; sourceTree = "<group>"; };
		2D9A774913458200004B331A /* Date.h */ = {isa = PBXFileReference; fileEncoding = 4; lastKnownFileType = sourcecode.c.h; path = Date.h; sourceTree = "<group>"; };
		2D9A774A13458200004B331A /* Instrument.h */ = {isa = PBXFileReference; fileEncoding = 4; lastKnownFileType = sourcecode.c.h; path = Instrument.h; sourceTree = "<group>"; };
		2D9A774B13458200004B331A /* YieldCurve.h */ = {isa = PBXFileReference; fileEncoding = 4; lastKnownFileType = sourcecode.c.h; path = YieldCurve.h; sourceTree = "<group>"; };
		2D9A774C13458200004B331A /* Makefile */ = {isa = PBXFileReference; fileEncoding = 4; lastKnownFileType = sourcecode.make; path = Makefile; sourceTree = "<group>"; };
		2D9A774D13458200004B331A /* README */ = {isa = PBXFileReference; fileEncoding = 4; lastKnownFileType = text; path = README; sourceTree = "<group>"; };
		2D9A775113458200004B331A /* Date.cc */ = {isa = PBXFileReference; fileEncoding = 4; lastKnownFileType = sourcecode.cpp.cpp; path = Date.cc; sourceTree = "<group>"; };
		2D9A775213458200004B331A /* Date.o */ = {isa = PBXFileReference; lastKnownFileType = "compiled.mach-o.objfile"; path = Date.o; sourceTree = "<group>"; };
		2D9A775413458200004B331A /* .Date.h.swp */ = {isa = PBXFileReference; lastKnownFileType = file; path = .Date.h.swp; sourceTree = "<group>"; };
		2D9A775513458200004B331A /* .Instrument.h.swp */ = {isa = PBXFileReference; lastKnownFileType = file; path = .Instrument.h.swp; sourceTree = "<group>"; };
		2D9A775613458200004B331A /* .YieldCurve.h.swp */ = {isa = PBXFileReference; lastKnownFileType = file; path = .YieldCurve.h.swp; sourceTree = "<group>"; };
		2D9A775713458200004B331A /* Date.h */ = {isa = PBXFileReference; fileEncoding = 4; lastKnownFileType = sourcecode.c.h; path = Date.h; sourceTree = "<group>"; };
		2D9A775813458200004B331A /* Instrument.h */ = {isa = PBXFileReference; fileEncoding = 4; lastKnownFileType = sourcecode.c.h; path = Instrument.h; sourceTree = "<group>"; };
		2D9A775913458200004B331A /* YieldCurve.h */ = {isa = PBXFileReference; fileEncoding = 4; lastKnownFileType = sourcecode.c.h; path = YieldCurve.h; sourceTree = "<group>"; };
		2D9A775A13458200004B331A /* Instrument.cc */ = {isa = PBXFileReference; fileEncoding = 4; lastKnownFileType = sourcecode.cpp.cpp; path = Instrument.cc; sourceTree = "<group>"; };
		2D9A775B13458200004B331A /* Instrument.o */ = {isa = PBXFileReference; lastKnownFileType = "compiled.mach-o.objfile"; path = Instrument.o; sourceTree = "<group>"; };
		2D9A775C13458200004B331A /* Makefile */ = {isa = PBXFileReference; fileEncoding = 4; lastKnownFileType = sourcecode.make; path = Makefile; sourceTree = "<group>"; };
		2D9A775D13458200004B331A /* tags */ = {isa = PBXFileReference; fileEncoding = 4; lastKnownFileType = text; path = tags; sourceTree = "<group>"; };
		2D9A775E13458200004B331A /* YieldCurve.cc */ = {isa = PBXFileReference; fileEncoding = 4; lastKnownFileType = sourcecode.cpp.cpp; path = YieldCurve.cc; sourceTree = "<group>"; };
/* End PBXFileReference section */

/* Begin PBXGroup section */
		2D9A7732134581BB004B331A = {
			isa = PBXGroup;
			children = (
				2D9A774513458200004B331A /* include */,
				2D9A774C13458200004B331A /* Makefile */,
				2D9A774D13458200004B331A /* README */,
				2D9A774E13458200004B331A /* src */,
				2D9A776013458200004B331A /* test */,
			);
			sourceTree = "<group>";
		};
		2D9A774513458200004B331A /* include */ = {
			isa = PBXGroup;
			children = (
				2D9A774613458200004B331A /* .Date.h.swp */,
				2D9A774713458200004B331A /* .Instrument.h.swp */,
				2D9A774813458200004B331A /* .YieldCurve.h.swp */,
				2D9A774913458200004B331A /* Date.h */,
				2D9A774A13458200004B331A /* Instrument.h */,
				2D9A774B13458200004B331A /* YieldCurve.h */,
			);
			path = include;
			sourceTree = "<group>";
		};
		2D9A774E13458200004B331A /* src */ = {
			isa = PBXGroup;
			children = (
				2D9A775113458200004B331A /* Date.cc */,
				2D9A775213458200004B331A /* Date.o */,
				2D9A775313458200004B331A /* include */,
				2D9A775A13458200004B331A /* Instrument.cc */,
				2D9A775B13458200004B331A /* Instrument.o */,
				2D9A775C13458200004B331A /* Makefile */,
				2D9A775D13458200004B331A /* tags */,
				2D9A775E13458200004B331A /* YieldCurve.cc */,
			);
			path = src;
			sourceTree = "<group>";
		};
		2D9A775313458200004B331A /* include */ = {
			isa = PBXGroup;
			children = (
				2D9A775413458200004B331A /* .Date.h.swp */,
				2D9A775513458200004B331A /* .Instrument.h.swp */,
				2D9A775613458200004B331A /* .YieldCurve.h.swp */,
				2D9A775713458200004B331A /* Date.h */,
				2D9A775813458200004B331A /* Instrument.h */,
				2D9A775913458200004B331A /* YieldCurve.h */,
			);
			path = include;
			sourceTree = "<group>";
		};
		2D9A776013458200004B331A /* test */ = {
			isa = PBXGroup;
			children = (
			);
			path = test;
			sourceTree = "<group>";
		};
/* End PBXGroup section */

/* Begin PBXLegacyTarget section */
		2D9A7739134581BB004B331A /* c7802 */ = {
			isa = PBXLegacyTarget;
			buildArgumentsString = "$(ACTION)";
			buildConfigurationList = 2D9A773C134581BB004B331A /* Build configuration list for PBXLegacyTarget "c7802" */;
			buildPhases = (
			);
			buildToolPath = /usr/bin/make;
			dependencies = (
			);
			name = c7802;
			passBuildSettingsInEnvironment = 1;
			productName = c7802;
		};
/* End PBXLegacyTarget section */

/* Begin PBXProject section */
		2D9A7734134581BB004B331A /* Project object */ = {
			isa = PBXProject;
			buildConfigurationList = 2D9A7737134581BB004B331A /* Build configuration list for PBXProject "c7802" */;
			compatibilityVersion = "Xcode 3.2";
			developmentRegion = English;
			hasScannedForEncodings = 0;
			knownRegions = (
				en,
			);
			mainGroup = 2D9A7732134581BB004B331A;
			projectDirPath = "";
			projectRoot = "";
			targets = (
				2D9A7739134581BB004B331A /* c7802 */,
			);
		};
/* End PBXProject section */

/* Begin XCBuildConfiguration section */
		2D9A773A134581BB004B331A /* Debug */ = {
			isa = XCBuildConfiguration;
			buildSettings = {
				ARCHS = "$(ARCHS_STANDARD_32_64_BIT)";
				GCC_C_LANGUAGE_STANDARD = gnu99;
				GCC_OPTIMIZATION_LEVEL = 0;
				GCC_PREPROCESSOR_DEFINITIONS = DEBUG;
				GCC_SYMBOLS_PRIVATE_EXTERN = NO;
				GCC_VERSION = com.apple.compilers.llvm.clang.1_0;
				GCC_WARN_64_TO_32_BIT_CONVERSION = YES;
				GCC_WARN_ABOUT_RETURN_TYPE = YES;
				GCC_WARN_UNUSED_VARIABLE = YES;
				MACOSX_DEPLOYMENT_TARGET = 10.6;
				ONLY_ACTIVE_ARCH = YES;
				SDKROOT = macosx;
			};
			name = Debug;
		};
		2D9A773B134581BB004B331A /* Release */ = {
			isa = XCBuildConfiguration;
			buildSettings = {
				ARCHS = "$(ARCHS_STANDARD_32_64_BIT)";
				GCC_C_LANGUAGE_STANDARD = gnu99;
				GCC_VERSION = com.apple.compilers.llvm.clang.1_0;
				GCC_WARN_64_TO_32_BIT_CONVERSION = YES;
				GCC_WARN_ABOUT_RETURN_TYPE = YES;
				GCC_WARN_UNUSED_VARIABLE = YES;
				MACOSX_DEPLOYMENT_TARGET = 10.6;
				SDKROOT = macosx;
			};
			name = Release;
		};
		2D9A773D134581BB004B331A /* Debug */ = {
			isa = XCBuildConfiguration;
			buildSettings = {
				ALWAYS_SEARCH_USER_PATHS = NO;
				COPY_PHASE_STRIP = NO;
				DEBUGGING_SYMBOLS = YES;
				GCC_DYNAMIC_NO_PIC = NO;
				GCC_ENABLE_OBJC_EXCEPTIONS = YES;
				GCC_GENERATE_DEBUGGING_SYMBOLS = YES;
				GCC_OPTIMIZATION_LEVEL = 0;
				OTHER_CFLAGS = "";
				OTHER_LDFLAGS = "";
				PRODUCT_NAME = "$(TARGET_NAME)";
			};
			name = Debug;
		};
		2D9A773E134581BB004B331A /* Release */ = {
			isa = XCBuildConfiguration;
			buildSettings = {
				ALWAYS_SEARCH_USER_PATHS = NO;
				COPY_PHASE_STRIP = YES;
				DEBUG_INFORMATION_FORMAT = "dwarf-with-dsym";
				GCC_ENABLE_OBJC_EXCEPTIONS = YES;
				OTHER_CFLAGS = "";
				OTHER_LDFLAGS = "";
				PRODUCT_NAME = "$(TARGET_NAME)";
			};
			name = Release;
		};
/* End XCBuildConfiguration section */

/* Begin XCConfigurationList section */
		2D9A7737134581BB004B331A /* Build configuration list for PBXProject "c7802" */ = {
			isa = XCConfigurationList;
			buildConfigurations = (
				2D9A773A134581BB004B331A /* Debug */,
				2D9A773B134581BB004B331A /* Release */,
			);
			defaultConfigurationIsVisible = 0;
			defaultConfigurationName = Release;
		};
		2D9A773C134581BB004B331A /* Build configuration list for PBXLegacyTarget "c7802" */ = {
			isa = XCConfigurationList;
			buildConfigurations = (
				2D9A773D134581BB004B331A /* Debug */,
				2D9A773E134581BB004B331A /* Release */,
			);
			defaultConfigurationIsVisible = 0;
			defaultConfigurationName = Release;
		};
/* End XCConfigurationList section */
	};
	rootObject = 2D9A7734134581BB004B331A /* Project object */;
}
